
Microsoft Visual Studio Solution File, Format Version 12.00
# Visual Studio 15
Project("{FAE04EC0-301F-11D3-BF4B-00C04F79EFBC}") = "Assembly-CSharp-Editor", "Assembly-CSharp-Editor.csproj", "{5E3061D8-901C-2F34-F324-F86EF713EF46}"
EndProject
Project("{FAE04EC0-301F-11D3-BF4B-00C04F79EFBC}") = "Assembly-CSharp", "Assembly-CSharp.csproj", "{20FC8F9F-D46C-A949-0B8B-365082771C40}"
EndProject
Global
	GlobalSection(SolutionConfigurationPlatforms) = preSolution
		Debug|Any CPU = Debug|Any CPU
		Release|Any CPU = Release|Any CPU
	EndGlobalSection
	GlobalSection(ProjectConfigurationPlatforms) = postSolution
		{5E3061D8-901C-2F34-F324-F86EF713EF46}.Debug|Any CPU.ActiveCfg = Debug|Any CPU
		{5E3061D8-901C-2F34-F324-F86EF713EF46}.Debug|Any CPU.Build.0 = Debug|Any CPU
		{5E3061D8-901C-2F34-F324-F86EF713EF46}.Release|Any CPU.ActiveCfg = Release|Any CPU
		{5E3061D8-901C-2F34-F324-F86EF713EF46}.Release|Any CPU.Build.0 = Release|Any CPU
		{20FC8F9F-D46C-A949-0B8B-365082771C40}.Debug|Any CPU.ActiveCfg = Debug|Any CPU
		{20FC8F9F-D46C-A949-0B8B-365082771C40}.Debug|Any CPU.Build.0 = Debug|Any CPU
		{20FC8F9F-D46C-A949-0B8B-365082771C40}.Release|Any CPU.ActiveCfg = Release|Any CPU
		{20FC8F9F-D46C-A949-0B8B-365082771C40}.Release|Any CPU.Build.0 = Release|Any CPU
	EndGlobalSection
	GlobalSection(SolutionProperties) = preSolution
		HideSolutionNode = FALSE
	EndGlobalSection
EndGlobal
